{
  "originHash" : "6ba3fd70ab0fc70e35e45eda4cc10c057c0f93dee0c52004970305241e14dcb7",
  "pins" : [
    {
      "identity" : "autolayout",
      "kind" : "remoteSourceControl",
      "location" : "https://github.com/componentskit/AutoLayout",
      "state" : {
        "revision" : "fb4d7ea7ad5cfbaaf972506e6e23f87824345e4d",
        "version" : "1.0.1"
      }
    },
    {
      "identity" : "componentskit",
      "kind" : "remoteSourceControl",
      "location" : "https://github.com/componentskit/ComponentsKit",
      "state" : {
        "revision" : "fe56aaf6a1a633ce59944b737ce93a46f161e2fd",
        "version" : "1.5.4"
      }
    },
    {
      "identity" : "ffmpeg-ios-lame",
      "kind" : "remoteSourceControl",
      "location" : "https://github.com/kewlbear/FFmpeg-iOS-Lame",
      "state" : {
        "revision" : "1808fa5a1263c5e216646cd8421fc7dcb70520cc",
        "version" : "0.0.6-b20230730-000000"
      }
    },
    {
      "identity" : "ffmpeg-ios-support",
      "kind" : "remoteSourceControl",
      "location" : "https://github.com/kewlbear/FFmpeg-iOS-Support",
      "state" : {
        "revision" : "be3bd9149ac53760e8725652eee99c405b2be47a",
        "version" : "0.0.2"
      }
    },
    {
      "identity" : "python-ios",
      "kind" : "remoteSourceControl",
      "location" : "https://github.com/kewlbear/Python-iOS.git",
      "state" : {
        "revision" : "4f3ca2bc0cff1ef2511555eb6114f9eb12e50412",
        "version" : "0.1.1-b20230423-090254"
      }
    },
    {
      "identity" : "pythonkit",
      "kind" : "remoteSourceControl",
      "location" : "https://github.com/pvieito/PythonKit.git",
      "state" : {
        "revision" : "81f621d094a7c8923207efe5178f50dba1b56c39",
        "version" : "0.3.1"
      }
    },
    {
      "identity" : "youtubedl-ios",
      "kind" : "remoteSourceControl",
      "location" : "https://github.com/kewlbear/YoutubeDL-iOS.git",
      "state" : {
        "revision" : "64d9072cc33d2698b555d68cecf3d71f2f49b8dd",
        "version" : "0.0.9"
      }
    }
  ],
  "version" : 3
}
